// !$*UTF8*$!
{
	archiveVersion = 1;
	classes = {
	};
	objectVersion = 50;
	objects = {

/* Begin PBXBuildFile section */
		0CD797AE2B1A963500D29313 /* IMC.swift in Sources */ = {isa = PBXBuildFile; fileRef = 0CD797AD2B1A963500D29313 /* IMC.swift */; };
		0CD797B12B1AA1FB00D29313 /* IMCError.swift in Sources */ = {isa = PBXBuildFile; fileRef = 0CD797B02B1AA1FB00D29313 /* IMCError.swift */; };
		0CD797B42B1AA22800D29313 /* IMCViewModelProtocol.swift in Sources */ = {isa = PBXBuildFile; fileRef = 0CD797B32B1AA22800D29313 /* IMCViewModelProtocol.swift */; };
		0CD797B62B1AA23D00D29313 /* IMCViewControlerDelegate.swift in Sources */ = {isa = PBXBuildFile; fileRef = 0CD797B52B1AA23D00D29313 /* IMCViewControlerDelegate.swift */; };
		0CD797B82B1AA26500D29313 /* ConverterViewModelProtocol.swift in Sources */ = {isa = PBXBuildFile; fileRef = 0CD797B72B1AA26500D29313 /* ConverterViewModelProtocol.swift */; };
		8E2D6563274841BA003625B9 /* CoordinatorManager.swift in Sources */ = {isa = PBXBuildFile; fileRef = 8E2D6562274841BA003625B9 /* CoordinatorManager.swift */; };
		8E2D6566274841E1003625B9 /* Coordinator.swift in Sources */ = {isa = PBXBuildFile; fileRef = 8E2D6565274841E1003625B9 /* Coordinator.swift */; };
		8EA1651A274EC1C900CBCB02 /* IMCViewModel.swift in Sources */ = {isa = PBXBuildFile; fileRef = 8EA16519274EC1C900CBCB02 /* IMCViewModel.swift */; };
		8EC0FC622754E87C00B090C1 /* ConverterViewModel.swift in Sources */ = {isa = PBXBuildFile; fileRef = 8EC0FC612754E87C00B090C1 /* ConverterViewModel.swift */; };
		8EDBEAEC2747D20700918BB3 /* AppDelegate.swift in Sources */ = {isa = PBXBuildFile; fileRef = 8EDBEAEB2747D20700918BB3 /* AppDelegate.swift */; };
		8EDBEAEE2747D20700918BB3 /* SceneDelegate.swift in Sources */ = {isa = PBXBuildFile; fileRef = 8EDBEAED2747D20700918BB3 /* SceneDelegate.swift */; };
		8EDBEAF02747D20700918BB3 /* IMCViewController.swift in Sources */ = {isa = PBXBuildFile; fileRef = 8EDBEAEF2747D20700918BB3 /* IMCViewController.swift */; };
		8EDBEAF52747D20800918BB3 /* Assets.xcassets in Resources */ = {isa = PBXBuildFile; fileRef = 8EDBEAF42747D20800918BB3 /* Assets.xcassets */; };
		8EDBEAF82747D20800918BB3 /* LaunchScreen.storyboard in Resources */ = {isa = PBXBuildFile; fileRef = 8EDBEAF62747D20800918BB3 /* LaunchScreen.storyboard */; };
		8EDBEB012747D9B000918BB3 /* ConverterViewController.swift in Sources */ = {isa = PBXBuildFile; fileRef = 8EDBEB002747D9B000918BB3 /* ConverterViewController.swift */; };
		8EDBEB072747DAE800918BB3 /* TemplateView.swift in Sources */ = {isa = PBXBuildFile; fileRef = 8EDBEB062747DAE800918BB3 /* TemplateView.swift */; };
/* End PBXBuildFile section */

/* Begin PBXFileReference section */
		0CD797AD2B1A963500D29313 /* IMC.swift */ = {isa = PBXFileReference; lastKnownFileType = sourcecode.swift; path = IMC.swift; sourceTree = "<group>"; };
		0CD797B02B1AA1FB00D29313 /* IMCError.swift */ = {isa = PBXFileReference; lastKnownFileType = sourcecode.swift; path = IMCError.swift; sourceTree = "<group>"; };
		0CD797B32B1AA22800D29313 /* IMCViewModelProtocol.swift */ = {isa = PBXFileReference; lastKnownFileType = sourcecode.swift; path = IMCViewModelProtocol.swift; sourceTree = "<group>"; };
		0CD797B52B1AA23D00D29313 /* IMCViewControlerDelegate.swift */ = {isa = PBXFileReference; lastKnownFileType = sourcecode.swift; path = IMCViewControlerDelegate.swift; sourceTree = "<group>"; };
		0CD797B72B1AA26500D29313 /* ConverterViewModelProtocol.swift */ = {isa = PBXFileReference; lastKnownFileType = sourcecode.swift; path = ConverterViewModelProtocol.swift; sourceTree = "<group>"; };
		8E2D6562274841BA003625B9 /* CoordinatorManager.swift */ = {isa = PBXFileReference; lastKnownFileType = sourcecode.swift; path = CoordinatorManager.swift; sourceTree = "<group>"; };
		8E2D6565274841E1003625B9 /* Coordinator.swift */ = {isa = PBXFileReference; lastKnownFileType = sourcecode.swift; path = Coordinator.swift; sourceTree = "<group>"; };
		8EA16519274EC1C900CBCB02 /* IMCViewModel.swift */ = {isa = PBXFileReference; lastKnownFileType = sourcecode.swift; path = IMCViewModel.swift; sourceTree = "<group>"; };
		8EC0FC612754E87C00B090C1 /* ConverterViewModel.swift */ = {isa = PBXFileReference; lastKnownFileType = sourcecode.swift; path = ConverterViewModel.swift; sourceTree = "<group>"; };
		8EDBEAE82747D20700918BB3 /* IMC.app */ = {isa = PBXFileReference; explicitFileType = wrapper.application; includeInIndex = 0; path = IMC.app; sourceTree = BUILT_PRODUCTS_DIR; };
		8EDBEAEB2747D20700918BB3 /* AppDelegate.swift */ = {isa = PBXFileReference; lastKnownFileType = sourcecode.swift; path = AppDelegate.swift; sourceTree = "<group>"; };
		8EDBEAED2747D20700918BB3 /* SceneDelegate.swift */ = {isa = PBXFileReference; lastKnownFileType = sourcecode.swift; path = SceneDelegate.swift; sourceTree = "<group>"; };
		8EDBEAEF2747D20700918BB3 /* IMCViewController.swift */ = {isa = PBXFileReference; lastKnownFileType = sourcecode.swift; path = IMCViewController.swift; sourceTree = "<group>"; };
		8EDBEAF42747D20800918BB3 /* Assets.xcassets */ = {isa = PBXFileReference; lastKnownFileType = folder.assetcatalog; path = Assets.xcassets; sourceTree = "<group>"; };
		8EDBEAF72747D20800918BB3 /* Base */ = {isa = PBXFileReference; lastKnownFileType = file.storyboard; name = Base; path = Base.lproj/LaunchScreen.storyboard; sourceTree = "<group>"; };
		8EDBEAF92747D20800918BB3 /* Info.plist */ = {isa = PBXFileReference; lastKnownFileType = text.plist.xml; path = Info.plist; sourceTree = "<group>"; };
		8EDBEB002747D9B000918BB3 /* ConverterViewController.swift */ = {isa = PBXFileReference; lastKnownFileType = sourcecode.swift; path = ConverterViewController.swift; sourceTree = "<group>"; };
		8EDBEB062747DAE800918BB3 /* TemplateView.swift */ = {isa = PBXFileReference; lastKnownFileType = sourcecode.swift; path = TemplateView.swift; sourceTree = "<group>"; };
/* End PBXFileReference section */

/* Begin PBXFrameworksBuildPhase section */
		8EDBEAE52747D20700918BB3 /* Frameworks */ = {
			isa = PBXFrameworksBuildPhase;
			buildActionMask = 2147483647;
			files = (
			);
			runOnlyForDeploymentPostprocessing = 0;
		};
/* End PBXFrameworksBuildPhase section */

/* Begin PBXGroup section */
		0CD797AC2B1A962900D29313 /* Models */ = {
			isa = PBXGroup;
			children = (
				0CD797AD2B1A963500D29313 /* IMC.swift */,
			);
			path = Models;
			sourceTree = "<group>";
		};
		0CD797AF2B1AA1EA00D29313 /* Enums */ = {
			isa = PBXGroup;
			children = (
				0CD797B02B1AA1FB00D29313 /* IMCError.swift */,
			);
			path = Enums;
			sourceTree = "<group>";
		};
		0CD797B22B1AA20E00D29313 /* Protocols */ = {
			isa = PBXGroup;
			children = (
				8E2D6565274841E1003625B9 /* Coordinator.swift */,
				0CD797B32B1AA22800D29313 /* IMCViewModelProtocol.swift */,
				0CD797B52B1AA23D00D29313 /* IMCViewControlerDelegate.swift */,
				0CD797B72B1AA26500D29313 /* ConverterViewModelProtocol.swift */,
				8EDBEAEB2747D20700918BB3 /* AppDelegate.swift */,
			);
			path = Protocols;
			sourceTree = "<group>";
		};
		8E2D65692748420F003625B9 /* Services */ = {
			isa = PBXGroup;
			children = (
				8E2D6562274841BA003625B9 /* CoordinatorManager.swift */,
			);
			path = Services;
			sourceTree = "<group>";
		};
		8EA16518274EC1AF00CBCB02 /* ViewModel */ = {
			isa = PBXGroup;
			children = (
				8EA16519274EC1C900CBCB02 /* IMCViewModel.swift */,
				8EC0FC612754E87C00B090C1 /* ConverterViewModel.swift */,
			);
			path = ViewModel;
			sourceTree = "<group>";
		};
		8EDBEADF2747D20700918BB3 = {
			isa = PBXGroup;
			children = (
				8EDBEAEA2747D20700918BB3 /* IMC */,
				8EDBEAE92747D20700918BB3 /* Products */,
			);
			sourceTree = "<group>";
		};
		8EDBEAE92747D20700918BB3 /* Products */ = {
			isa = PBXGroup;
			children = (
				8EDBEAE82747D20700918BB3 /* IMC.app */,
			);
			name = Products;
			sourceTree = "<group>";
		};
		8EDBEAEA2747D20700918BB3 /* IMC */ = {
			isa = PBXGroup;
			children = (
				8EDBEAED2747D20700918BB3 /* SceneDelegate.swift */,
				8EDBEAF62747D20800918BB3 /* LaunchScreen.storyboard */,
				8EDBEAF42747D20800918BB3 /* Assets.xcassets */,
				8EDBEB062747DAE800918BB3 /* TemplateView.swift */,
				8EDBEAF92747D20800918BB3 /* Info.plist */,
				0CD797B22B1AA20E00D29313 /* Protocols */,
				0CD797AF2B1AA1EA00D29313 /* Enums */,
				0CD797AC2B1A962900D29313 /* Models */,
				8E2D65692748420F003625B9 /* Services */,
				8EDBEB0B2747DB5100918BB3 /* ViewControllers */,
				8EA16518274EC1AF00CBCB02 /* ViewModel */,
			);
			path = IMC;
			sourceTree = "<group>";
		};
		8EDBEB0B2747DB5100918BB3 /* ViewControllers */ = {
			isa = PBXGroup;
			children = (
				8EDBEAEF2747D20700918BB3 /* IMCViewController.swift */,
				8EDBEB002747D9B000918BB3 /* ConverterViewController.swift */,
			);
			path = ViewControllers;
			sourceTree = "<group>";
		};
/* End PBXGroup section */

/* Begin PBXNativeTarget section */
		8EDBEAE72747D20700918BB3 /* IMC */ = {
			isa = PBXNativeTarget;
			buildConfigurationList = 8EDBEAFC2747D20800918BB3 /* Build configuration list for PBXNativeTarget "IMC" */;
			buildPhases = (
				8EDBEAE42747D20700918BB3 /* Sources */,
				8EDBEAE52747D20700918BB3 /* Frameworks */,
				8EDBEAE62747D20700918BB3 /* Resources */,
			);
			buildRules = (
			);
			dependencies = (
			);
			name = IMC;
			productName = IMC;
			productReference = 8EDBEAE82747D20700918BB3 /* IMC.app */;
			productType = "com.apple.product-type.application";
		};
/* End PBXNativeTarget section */

/* Begin PBXProject section */
		8EDBEAE02747D20700918BB3 /* Project object */ = {
			isa = PBXProject;
			attributes = {
				LastSwiftUpdateCheck = 1240;
				LastUpgradeCheck = 1240;
				TargetAttributes = {
					8EDBEAE72747D20700918BB3 = {
						CreatedOnToolsVersion = 12.4;
					};
				};
			};
			buildConfigurationList = 8EDBEAE32747D20700918BB3 /* Build configuration list for PBXProject "IMC" */;
			compatibilityVersion = "Xcode 9.3";
			developmentRegion = en;
			hasScannedForEncodings = 0;
			knownRegions = (
				en,
				Base,
			);
			mainGroup = 8EDBEADF2747D20700918BB3;
			productRefGroup = 8EDBEAE92747D20700918BB3 /* Products */;
			projectDirPath = "";
			projectRoot = "";
			targets = (
				8EDBEAE72747D20700918BB3 /* IMC */,
			);
		};
/* End PBXProject section */

/* Begin PBXResourcesBuildPhase section */
		8EDBEAE62747D20700918BB3 /* Resources */ = {
			isa = PBXResourcesBuildPhase;
			buildActionMask = 2147483647;
			files = (
				8EDBEAF82747D20800918BB3 /* LaunchScreen.storyboard in Resources */,
				8EDBEAF52747D20800918BB3 /* Assets.xcassets in Resources */,
			);
			runOnlyForDeploymentPostprocessing = 0;
		};
/* End PBXResourcesBuildPhase section */

/* Begin PBXSourcesBuildPhase section */
		8EDBEAE42747D20700918BB3 /* Sources */ = {
			isa = PBXSourcesBuildPhase;
			buildActionMask = 2147483647;
			files = (
				8EA1651A274EC1C900CBCB02 /* IMCViewModel.swift in Sources */,
				8E2D6566274841E1003625B9 /* Coordinator.swift in Sources */,
				8EDBEAF02747D20700918BB3 /* IMCViewController.swift in Sources */,
				0CD797B62B1AA23D00D29313 /* IMCViewControlerDelegate.swift in Sources */,
				0CD797AE2B1A963500D29313 /* IMC.swift in Sources */,
				0CD797B42B1AA22800D29313 /* IMCViewModelProtocol.swift in Sources */,
				0CD797B12B1AA1FB00D29313 /* IMCError.swift in Sources */,
				8E2D6563274841BA003625B9 /* CoordinatorManager.swift in Sources */,
				8EDBEB072747DAE800918BB3 /* TemplateView.swift in Sources */,
				8EDBEB012747D9B000918BB3 /* ConverterViewController.swift in Sources */,
				0CD797B82B1AA26500D29313 /* ConverterViewModelProtocol.swift in Sources */,
				8EDBEAEC2747D20700918BB3 /* AppDelegate.swift in Sources */,
				8EDBEAEE2747D20700918BB3 /* SceneDelegate.swift in Sources */,
				8EC0FC622754E87C00B090C1 /* ConverterViewModel.swift in Sources */,
			);
			runOnlyForDeploymentPostprocessing = 0;
		};
/* End PBXSourcesBuildPhase section */

/* Begin PBXVariantGroup section */
		8EDBEAF62747D20800918BB3 /* LaunchScreen.storyboard */ = {
			isa = PBXVariantGroup;
			children = (
				8EDBEAF72747D20800918BB3 /* Base */,
			);
			name = LaunchScreen.storyboard;
			sourceTree = "<group>";
		};
/* End PBXVariantGroup section */

/* Begin XCBuildConfiguration section */
		8EDBEAFA2747D20800918BB3 /* Debug */ = {
			isa = XCBuildConfiguration;
			buildSettings = {
				ALWAYS_SEARCH_USER_PATHS = NO;
				CLANG_ANALYZER_NONNULL = YES;
				CLANG_ANALYZER_NUMBER_OBJECT_CONVERSION = YES_AGGRESSIVE;
				CLANG_CXX_LANGUAGE_STANDARD = "gnu++14";
				CLANG_CXX_LIBRARY = "libc++";
				CLANG_ENABLE_MODULES = YES;
				CLANG_ENABLE_OBJC_ARC = YES;
				CLANG_ENABLE_OBJC_WEAK = YES;
				CLANG_WARN_BLOCK_CAPTURE_AUTORELEASING = YES;
				CLANG_WARN_BOOL_CONVERSION = YES;
				CLANG_WARN_COMMA = YES;
				CLANG_WARN_CONSTANT_CONVERSION = YES;
				CLANG_WARN_DEPRECATED_OBJC_IMPLEMENTATIONS = YES;
				CLANG_WARN_DIRECT_OBJC_ISA_USAGE = YES_ERROR;
				CLANG_WARN_DOCUMENTATION_COMMENTS = YES;
				CLANG_WARN_EMPTY_BODY = YES;
				CLANG_WARN_ENUM_CONVERSION = YES;
				CLANG_WARN_INFINITE_RECURSION = YES;
				CLANG_WARN_INT_CONVERSION = YES;
				CLANG_WARN_NON_LITERAL_NULL_CONVERSION = YES;
				CLANG_WARN_OBJC_IMPLICIT_RETAIN_SELF = YES;
				CLANG_WARN_OBJC_LITERAL_CONVERSION = YES;
				CLANG_WARN_OBJC_ROOT_CLASS = YES_ERROR;
				CLANG_WARN_QUOTED_INCLUDE_IN_FRAMEWORK_HEADER = YES;
				CLANG_WARN_RANGE_LOOP_ANALYSIS = YES;
				CLANG_WARN_STRICT_PROTOTYPES = YES;
				CLANG_WARN_SUSPICIOUS_MOVE = YES;
				CLANG_WARN_UNGUARDED_AVAILABILITY = YES_AGGRESSIVE;
				CLANG_WARN_UNREACHABLE_CODE = YES;
				CLANG_WARN__DUPLICATE_METHOD_MATCH = YES;
				COPY_PHASE_STRIP = NO;
				DEBUG_INFORMATION_FORMAT = dwarf;
				ENABLE_STRICT_OBJC_MSGSEND = YES;
				ENABLE_TESTABILITY = YES;
				GCC_C_LANGUAGE_STANDARD = gnu11;
				GCC_DYNAMIC_NO_PIC = NO;
				GCC_NO_COMMON_BLOCKS = YES;
				GCC_OPTIMIZATION_LEVEL = 0;
				GCC_PREPROCESSOR_DEFINITIONS = (
					"DEBUG=1",
					"$(inherited)",
				);
				GCC_WARN_64_TO_32_BIT_CONVERSION = YES;
				GCC_WARN_ABOUT_RETURN_TYPE = YES_ERROR;
				GCC_WARN_UNDECLARED_SELECTOR = YES;
				GCC_WARN_UNINITIALIZED_AUTOS = YES_AGGRESSIVE;
				GCC_WARN_UNUSED_FUNCTION = YES;
				GCC_WARN_UNUSED_VARIABLE = YES;
				IPHONEOS_DEPLOYMENT_TARGET = 14.4;
				MTL_ENABLE_DEBUG_INFO = INCLUDE_SOURCE;
				MTL_FAST_MATH = YES;
				ONLY_ACTIVE_ARCH = YES;
				SDKROOT = iphoneos;
				SWIFT_ACTIVE_COMPILATION_CONDITIONS = DEBUG;
				SWIFT_OPTIMIZATION_LEVEL = "-Onone";
			};
			name = Debug;
		};
		8EDBEAFB2747D20800918BB3 /* Release */ = {
			isa = XCBuildConfiguration;
			buildSettings = {
				ALWAYS_SEARCH_USER_PATHS = NO;
				CLANG_ANALYZER_NONNULL = YES;
				CLANG_ANALYZER_NUMBER_OBJECT_CONVERSION = YES_AGGRESSIVE;
				CLANG_CXX_LANGUAGE_STANDARD = "gnu++14";
				CLANG_CXX_LIBRARY = "libc++";
				CLANG_ENABLE_MODULES = YES;
				CLANG_ENABLE_OBJC_ARC = YES;
				CLANG_ENABLE_OBJC_WEAK = YES;
				CLANG_WARN_BLOCK_CAPTURE_AUTORELEASING = YES;
				CLANG_WARN_BOOL_CONVERSION = YES;
				CLANG_WARN_COMMA = YES;
				CLANG_WARN_CONSTANT_CONVERSION = YES;
				CLANG_WARN_DEPRECATED_OBJC_IMPLEMENTATIONS = YES;
				CLANG_WARN_DIRECT_OBJC_ISA_USAGE = YES_ERROR;
				CLANG_WARN_DOCUMENTATION_COMMENTS = YES;
				CLANG_WARN_EMPTY_BODY = YES;
				CLANG_WARN_ENUM_CONVERSION = YES;
				CLANG_WARN_INFINITE_RECURSION = YES;
				CLANG_WARN_INT_CONVERSION = YES;
				CLANG_WARN_NON_LITERAL_NULL_CONVERSION = YES;
				CLANG_WARN_OBJC_IMPLICIT_RETAIN_SELF = YES;
				CLANG_WARN_OBJC_LITERAL_CONVERSION = YES;
				CLANG_WARN_OBJC_ROOT_CLASS = YES_ERROR;
				CLANG_WARN_QUOTED_INCLUDE_IN_FRAMEWORK_HEADER = YES;
				CLANG_WARN_RANGE_LOOP_ANALYSIS = YES;
				CLANG_WARN_STRICT_PROTOTYPES = YES;
				CLANG_WARN_SUSPICIOUS_MOVE = YES;
				CLANG_WARN_UNGUARDED_AVAILABILITY = YES_AGGRESSIVE;
				CLANG_WARN_UNREACHABLE_CODE = YES;
				CLANG_WARN__DUPLICATE_METHOD_MATCH = YES;
				COPY_PHASE_STRIP = NO;
				DEBUG_INFORMATION_FORMAT = "dwarf-with-dsym";
				ENABLE_NS_ASSERTIONS = NO;
				ENABLE_STRICT_OBJC_MSGSEND = YES;
				GCC_C_LANGUAGE_STANDARD = gnu11;
				GCC_NO_COMMON_BLOCKS = YES;
				GCC_WARN_64_TO_32_BIT_CONVERSION = YES;
				GCC_WARN_ABOUT_RETURN_TYPE = YES_ERROR;
				GCC_WARN_UNDECLARED_SELECTOR = YES;
				GCC_WARN_UNINITIALIZED_AUTOS = YES_AGGRESSIVE;
				GCC_WARN_UNUSED_FUNCTION = YES;
				GCC_WARN_UNUSED_VARIABLE = YES;
				IPHONEOS_DEPLOYMENT_TARGET = 14.4;
				MTL_ENABLE_DEBUG_INFO = NO;
				MTL_FAST_MATH = YES;
				SDKROOT = iphoneos;
				SWIFT_COMPILATION_MODE = wholemodule;
				SWIFT_OPTIMIZATION_LEVEL = "-O";
				VALIDATE_PRODUCT = YES;
			};
			name = Release;
		};
		8EDBEAFD2747D20800918BB3 /* Debug */ = {
			isa = XCBuildConfiguration;
			buildSettings = {
				ASSETCATALOG_COMPILER_APPICON_NAME = AppIcon;
				ASSETCATALOG_COMPILER_GLOBAL_ACCENT_COLOR_NAME = AccentColor;
				CODE_SIGN_STYLE = Automatic;
				DEVELOPMENT_TEAM = S9KQXCM7P8;
				INFOPLIST_FILE = IMC/Info.plist;
				LD_RUNPATH_SEARCH_PATHS = (
					"$(inherited)",
					"@executable_path/Frameworks",
				);
				PRODUCT_BUNDLE_IDENTIFIER = HelloWorldProject.IMC;
				PRODUCT_NAME = "$(TARGET_NAME)";
				SWIFT_VERSION = 5.0;
				TARGETED_DEVICE_FAMILY = "1,2";
			};
			name = Debug;
		};
		8EDBEAFE2747D20800918BB3 /* Release */ = {
			isa = XCBuildConfiguration;
			buildSettings = {
				ASSETCATALOG_COMPILER_APPICON_NAME = AppIcon;
				ASSETCATALOG_COMPILER_GLOBAL_ACCENT_COLOR_NAME = AccentColor;
				CODE_SIGN_STYLE = Automatic;
				DEVELOPMENT_TEAM = S9KQXCM7P8;
				INFOPLIST_FILE = IMC/Info.plist;
				LD_RUNPATH_SEARCH_PATHS = (
					"$(inherited)",
					"@executable_path/Frameworks",
				);
				PRODUCT_BUNDLE_IDENTIFIER = HelloWorldProject.IMC;
				PRODUCT_NAME = "$(TARGET_NAME)";
				SWIFT_VERSION = 5.0;
				TARGETED_DEVICE_FAMILY = "1,2";
			};
			name = Release;
		};
/* End XCBuildConfiguration section */

/* Begin XCConfigurationList section */
		8EDBEAE32747D20700918BB3 /* Build configuration list for PBXProject "IMC" */ = {
			isa = XCConfigurationList;
			buildConfigurations = (
				8EDBEAFA2747D20800918BB3 /* Debug */,
				8EDBEAFB2747D20800918BB3 /* Release */,
			);
			defaultConfigurationIsVisible = 0;
			defaultConfigurationName = Release;
		};
		8EDBEAFC2747D20800918BB3 /* Build configuration list for PBXNativeTarget "IMC" */ = {
			isa = XCConfigurationList;
			buildConfigurations = (
				8EDBEAFD2747D20800918BB3 /* Debug */,
				8EDBEAFE2747D20800918BB3 /* Release */,
			);
			defaultConfigurationIsVisible = 0;
			defaultConfigurationName = Release;
		};
/* End XCConfigurationList section */
	};
	rootObject = 8EDBEAE02747D20700918BB3 /* Project object */;
}
